
Microsoft Visual Studio Solution File, Format Version 12.00
# Visual Studio Version 17
VisualStudioVersion = 17.0.31903.59
MinimumVisualStudioVersion = 10.0.40219.1
Project("{FAE04EC0-301F-11D3-BF4B-00C04F79EFBC}") = "Domain", "Domain\Domain.csproj", "{E663E7F8-95B1-4B9A-9776-7FAB8CA81D68}"
EndProject
Project("{FAE04EC0-301F-11D3-BF4B-00C04F79EFBC}") = "Infrastructure", "Infrastructure\Infrastructure.csproj", "{E3AAC1B7-62C8-43BE-8458-84FF6F09A40E}"
EndProject
Project("{FAE04EC0-301F-11D3-BF4B-00C04F79EFBC}") = "WebApi", "WebApi\WebApi.csproj", "{717136B3-E491-4286-8742-7260ECE88C5C}"
EndProject
Project("{FAE04EC0-301F-11D3-BF4B-00C04F79EFBC}") = "RazorApp", "RazorApp\RazorApp.csproj", "{80FA16AD-D4CE-42CB-A168-89251D444D29}"
EndProject
Project("{FAE04EC0-301F-11D3-BF4B-00C04F79EFBC}") = "BlazorApp", "BlazorApp\BlazorApp.csproj", "{08CF9509-C45B-412B-AA5F-0F262C356145}"
EndProject
Global
	GlobalSection(SolutionConfigurationPlatforms) = preSolution
		Debug|Any CPU = Debug|Any CPU
		Release|Any CPU = Release|Any CPU
	EndGlobalSection
	GlobalSection(SolutionProperties) = preSolution
		HideSolutionNode = FALSE
	EndGlobalSection
	GlobalSection(ProjectConfigurationPlatforms) = postSolution
		{E663E7F8-95B1-4B9A-9776-7FAB8CA81D68}.Debug|Any CPU.ActiveCfg = Debug|Any CPU
		{E663E7F8-95B1-4B9A-9776-7FAB8CA81D68}.Debug|Any CPU.Build.0 = Debug|Any CPU
		{E663E7F8-95B1-4B9A-9776-7FAB8CA81D68}.Release|Any CPU.ActiveCfg = Release|Any CPU
		{E663E7F8-95B1-4B9A-9776-7FAB8CA81D68}.Release|Any CPU.Build.0 = Release|Any CPU
		{E3AAC1B7-62C8-43BE-8458-84FF6F09A40E}.Debug|Any CPU.ActiveCfg = Debug|Any CPU
		{E3AAC1B7-62C8-43BE-8458-84FF6F09A40E}.Debug|Any CPU.Build.0 = Debug|Any CPU
		{E3AAC1B7-62C8-43BE-8458-84FF6F09A40E}.Release|Any CPU.ActiveCfg = Release|Any CPU
		{E3AAC1B7-62C8-43BE-8458-84FF6F09A40E}.Release|Any CPU.Build.0 = Release|Any CPU
		{717136B3-E491-4286-8742-7260ECE88C5C}.Debug|Any CPU.ActiveCfg = Debug|Any CPU
		{717136B3-E491-4286-8742-7260ECE88C5C}.Debug|Any CPU.Build.0 = Debug|Any CPU
		{717136B3-E491-4286-8742-7260ECE88C5C}.Release|Any CPU.ActiveCfg = Release|Any CPU
		{717136B3-E491-4286-8742-7260ECE88C5C}.Release|Any CPU.Build.0 = Release|Any CPU
		{80FA16AD-D4CE-42CB-A168-89251D444D29}.Debug|Any CPU.ActiveCfg = Debug|Any CPU
		{80FA16AD-D4CE-42CB-A168-89251D444D29}.Debug|Any CPU.Build.0 = Debug|Any CPU
		{80FA16AD-D4CE-42CB-A168-89251D444D29}.Release|Any CPU.ActiveCfg = Release|Any CPU
		{80FA16AD-D4CE-42CB-A168-89251D444D29}.Release|Any CPU.Build.0 = Release|Any CPU
		{08CF9509-C45B-412B-AA5F-0F262C356145}.Debug|Any CPU.ActiveCfg = Debug|Any CPU
		{08CF9509-C45B-412B-AA5F-0F262C356145}.Debug|Any CPU.Build.0 = Debug|Any CPU
		{08CF9509-C45B-412B-AA5F-0F262C356145}.Release|Any CPU.ActiveCfg = Release|Any CPU
		{08CF9509-C45B-412B-AA5F-0F262C356145}.Release|Any CPU.Build.0 = Release|Any CPU
	EndGlobalSection
EndGlobal
